
Microsoft Visual Studio Solution File, Format Version 12.00
# Visual Studio Version 17
VisualStudioVersion = 17.3.32929.385
MinimumVisualStudioVersion = 10.0.40219.1
Project("{2150E333-8FDC-42A3-9474-1A3956D46DE8}") = "Lab01", "Lab01", "{35407760-29AC-423C-9EFB-DC794522DC59}"
EndProject
Project("{2150E333-8FDC-42A3-9474-1A3956D46DE8}") = "Lab10", "Lab10", "{BE2AFC24-DD6F-4552-9DCE-25FDE8529EF2}"
EndProject
Project("{9A19103F-16F7-4668-BE54-9A1E7A4F7556}") = "ITMO.CSharp.Lab10.Exercise1.Bank", "Lab10\ITMO.CSharp.Lab10.Exercise1.Bank\ITMO.CSharp.Lab10.Exercise1.Bank.csproj", "{FFB4FFA8-9FC0-4D56-89A2-8FB40C37560E}"
EndProject
Project("{9A19103F-16F7-4668-BE54-9A1E7A4F7556}") = "ITMO.CSharp.Lab10.Exercise2.Bank", "Lab10\ITMO.CSharp.Lab10.Exercise2.Bank\ITMO.CSharp.Lab10.Exercise2.Bank.csproj", "{497F11BC-27DC-4E5E-9EEC-148B55EE3EC9}"
EndProject
Project("{9A19103F-16F7-4668-BE54-9A1E7A4F7556}") = "ITMO.CSharp.Lab01.Exercise1.Greetings", "Lab01\ITMO.CSharp.Lab01.Exercise1.Greetings\ITMO.CSharp.Lab01.Exercise1.Greetings.csproj", "{D4B97C3E-C349-4320-8E4A-1669DF5E1A74}"
EndProject
Project("{9A19103F-16F7-4668-BE54-9A1E7A4F7556}") = "ITMO.CSharp.Lab01.Exercise4.Divider", "Lab01\ITMO.CSharp.Lab01.Exercise4.Divider\ITMO.CSharp.Lab01.Exercise4.Divider.csproj", "{B63A865B-C1D5-461E-89AC-36225E741C2B}"
EndProject
Project("{2150E333-8FDC-42A3-9474-1A3956D46DE8}") = "Lab02", "Lab02", "{50064C57-ECFD-46EF-AFD7-ABFA85CCC2EE}"
EndProject
Project("{9A19103F-16F7-4668-BE54-9A1E7A4F7556}") = "ITMO.CSharp.Lab02.Exercise1.BankAccount", "Lab02\ITMO.CSharp.Lab02.Exercise1.BankAccount\ITMO.CSharp.Lab02.Exercise1.BankAccount.csproj", "{9A8BE1E1-57D4-46B5-A495-14714320CA68}"
EndProject
Project("{9A19103F-16F7-4668-BE54-9A1E7A4F7556}") = "ITMO.CSharp.Lab02.Exercise2.StructType", "Lab02\ITMO.CSharp.Lab02.Exercise2.StructType\ITMO.CSharp.Lab02.Exercise2.StructType.csproj", "{2BB70A68-AD8A-4928-8396-BA3E5AB050C8}"
EndProject
Project("{9A19103F-16F7-4668-BE54-9A1E7A4F7556}") = "ITMO.CSharp.Lab02.Exercise3.StructType", "Lab02\ITMO.CSharp.Lab02.Exercise3.StructType\ITMO.CSharp.Lab02.Exercise3.StructType.csproj", "{5C86CA37-8976-4CAF-9ACF-CEFAF96E3F38}"
EndProject
Project("{2150E333-8FDC-42A3-9474-1A3956D46DE8}") = "Lab03", "Lab03", "{A42D837C-3F18-4BE5-ACD2-74F7ABC88BCB}"
EndProject
Project("{9A19103F-16F7-4668-BE54-9A1E7A4F7556}") = "ITMO.CSharp.Lab03.Exercise1.WhatDay1", "Lab03\ITMO.CSharp.Lab03.Exercise1.WhatDay1\ITMO.CSharp.Lab03.Exercise1.WhatDay1.csproj", "{D2F611A1-DEBF-4FCE-9A6D-81102640A813}"
EndProject
Project("{9A19103F-16F7-4668-BE54-9A1E7A4F7556}") = "ITMO.CSharp.Lab03.Exercise2.WhatDay2", "Lab03\ITMO.CSharp.Lab03.Exercise2.WhatDay2\ITMO.CSharp.Lab03.Exercise2.WhatDay2.csproj", "{EC1D0F27-21A0-4F36-91D3-C645802DF761}"
EndProject
Project("{9A19103F-16F7-4668-BE54-9A1E7A4F7556}") = "ITMO.CSharp.Lab03.Exercise3.WhatDay3", "Lab03\ITMO.CSharp.Lab03.Exercise3.WhatDay3\ITMO.CSharp.Lab03.Exercise3.WhatDay3.csproj", "{B1541A54-6197-4D9F-9FF3-0E9127628544}"
EndProject
Project("{2150E333-8FDC-42A3-9474-1A3956D46DE8}") = "Lab04", "Lab04", "{BB8AA57F-83CD-4B55-AF36-38A5F017FB3F}"
EndProject
Project("{9A19103F-16F7-4668-BE54-9A1E7A4F7556}") = "ITMO.CSharp.Lab04.Exercise1.Utils", "Lab04\ITMO.CSharp.Lab04.Exercise1.Utils\ITMO.CSharp.Lab04.Exercise1.Utils.csproj", "{DBC1F57D-B90B-4634-8B52-A5B062C5BBC8}"
EndProject
Project("{9A19103F-16F7-4668-BE54-9A1E7A4F7556}") = "ITMO.CSharp.Lab04.Exercise2.Utils", "Lab04\ITMO.CSharp.Lab04.Exercise2.Utils\ITMO.CSharp.Lab04.Exercise2.Utils.csproj", "{D7FEF1D9-9BEE-4C08-A0DA-D5EE41D0B9B7}"
EndProject
Project("{9A19103F-16F7-4668-BE54-9A1E7A4F7556}") = "ITMO.CSharp.Lab04.Exercise3.Utils", "Lab04\ITMO.CSharp.Lab04.Exercise3.Utils\ITMO.CSharp.Lab04.Exercise3.Utils.csproj", "{84493861-CCCF-4B04-8E5F-3C0AEA550A40}"
EndProject
Project("{2150E333-8FDC-42A3-9474-1A3956D46DE8}") = "Lab05", "Lab05", "{AD59E509-5667-4D64-9A63-0DB3DE931549}"
EndProject
Project("{9A19103F-16F7-4668-BE54-9A1E7A4F7556}") = "ITMO.CSharp.Lab05.Exercise1.FileDetails", "Lab05\ITMO.CSharp.Lab05.Exercise1.FileDetails\ITMO.CSharp.Lab05.Exercise1.FileDetails.csproj", "{BACB4DBB-D015-479C-B15D-363EC65648A3}"
EndProject
Project("{9A19103F-16F7-4668-BE54-9A1E7A4F7556}") = "ITMO.CSharp.Lab05.Exercise2.MatrixMultiply", "Lab05\ITMO.CSharp.Lab05.Exercise2.MatrixMultiply\ITMO.CSharp.Lab05.Exercise2.MatrixMultiply.csproj", "{935478EF-5DA7-4C10-8434-BC3E62864DC4}"
EndProject
Project("{2150E333-8FDC-42A3-9474-1A3956D46DE8}") = "Lab06", "Lab06", "{37FB6311-4C5C-4406-956B-EFB7FCCFEE3C}"
EndProject
Project("{2150E333-8FDC-42A3-9474-1A3956D46DE8}") = "Lab07", "Lab07", "{21755012-E770-4502-9D56-84FF254E0664}"
EndProject
Project("{2150E333-8FDC-42A3-9474-1A3956D46DE8}") = "Lab08", "Lab08", "{DFDE844A-67D0-4F56-91C9-6B3AD1CEEDE9}"
EndProject
Project("{2150E333-8FDC-42A3-9474-1A3956D46DE8}") = "Lab09", "Lab09", "{8A6583EF-8E72-4947-A547-7F1D6CBB9828}"
EndProject
Project("{9A19103F-16F7-4668-BE54-9A1E7A4F7556}") = "ITMO.CSharp.Lab06.Exercise1.CreateAccount", "Lab06\ITMO.CSharp.Lab06.Exercise1.CreateAccount\ITMO.CSharp.Lab06.Exercise1.CreateAccount.csproj", "{40A3A23B-D2D3-42DA-A351-BFDF397F5EF1}"
EndProject
Project("{9A19103F-16F7-4668-BE54-9A1E7A4F7556}") = "ITMO.CSharp.Lab06.Exercise2.UniqueNumbers", "Lab06\ITMO.CSharp.Lab06.Exercise2.UniqueNumbers\ITMO.CSharp.Lab06.Exercise2.UniqueNumbers.csproj", "{0060B8B3-1101-4EC5-BD67-99C2685573C3}"
EndProject
Project("{9A19103F-16F7-4668-BE54-9A1E7A4F7556}") = "ITMO.CSharp.Lab06.Exercise3.MoreMethods", "Lab06\ITMO.CSharp.Lab06.Exercise3.MoreMethods\ITMO.CSharp.Lab06.Exercise3.MoreMethods.csproj", "{79605BBC-DF4C-4720-8639-7E726A315EBF}"
EndProject
Project("{9A19103F-16F7-4668-BE54-9A1E7A4F7556}") = "ITMO.CSharp.Lab07.Exercise1.Bank", "Lab07\ITMO.CSharp.Lab07.Exercise1.Bank\ITMO.CSharp.Lab07.Exercise1.Bank.csproj", "{E40E07D6-51F4-4672-B1FB-FE2F0C92C8A1}"
EndProject
Project("{9A19103F-16F7-4668-BE54-9A1E7A4F7556}") = "ITMO.CSharp.Lab07.Exercise2.Utils", "Lab07\ITMO.CSharp.Lab07.Exercise2.Utils\ITMO.CSharp.Lab07.Exercise2.Utils.csproj", "{253671E5-6019-4EDC-B18C-40BAB8151CBC}"
EndProject
Project("{9A19103F-16F7-4668-BE54-9A1E7A4F7556}") = "ITMO.CSharp.Lab08.Exercise1.Constructors", "Lab08\ITMO.CSharp.Lab08.Exercise1.Constructors\ITMO.CSharp.Lab08.Exercise1.Constructors.csproj", "{42364C3D-F443-408D-86D4-CB819D01D5EA}"
EndProject
Project("{9A19103F-16F7-4668-BE54-9A1E7A4F7556}") = "ITMO.CSharp.Lab08.Exercise2.Constructors", "Lab08\ITMO.CSharp.Lab08.Exercise2.Constructors\ITMO.CSharp.Lab08.Exercise2.Constructors.csproj", "{FB03EDBB-794E-4EA1-AA4B-F57A08BB8A15}"
EndProject
Project("{9A19103F-16F7-4668-BE54-9A1E7A4F7556}") = "ITMO.CSharp.Lab08.Exercise3.Finalizers", "Lab08\ITMO.CSharp.Lab08.Exercise3.Finalizers\ITMO.CSharp.Lab08.Exercise3.Finalizers.csproj", "{06B64F8E-F9FF-446A-A16B-052264D629A7}"
EndProject
Project("{9A19103F-16F7-4668-BE54-9A1E7A4F7556}") = "ITMO.CSharp.Lab09.Exercise1.ColorTokeniser", "Lab09\ITMO.CSharp.Lab09.Exercise1.ColorTokeniser\ITMO.CSharp.Lab09.Exercise1.ColorTokeniser.csproj", "{636A0ED7-F4B8-4247-B5DE-65F9C096AA6C}"
EndProject
Project("{2150E333-8FDC-42A3-9474-1A3956D46DE8}") = "Lab12", "Lab12", "{CBC2BCC0-23C0-4B85-8766-BB415EFFA953}"
EndProject
Project("{2150E333-8FDC-42A3-9474-1A3956D46DE8}") = "Exercise1", "Exercise1", "{83D9EB88-6789-486B-B095-CE3EBB4F19C2}"
EndProject
Project("{9A19103F-16F7-4668-BE54-9A1E7A4F7556}") = "ITMO.CSharp.Lab12.Exercise1.TestHarness", "Lab12\Exercise1\ITMO.CSharp.Lab12.Exercise1.TestHarness\ITMO.CSharp.Lab12.Exercise1.TestHarness.csproj", "{DE21B62F-4EA3-4B20-BF3B-993BCE917294}"
EndProject
Project("{9A19103F-16F7-4668-BE54-9A1E7A4F7556}") = "ITMO.CSharp.Lab12.Exercise1.Bank", "Lab12\Exercise1\ITMO.CSharp.Lab12.Exercise1.Bank\ITMO.CSharp.Lab12.Exercise1.Bank.csproj", "{ED875603-3AF3-48A3-B6F6-2E9B59AA8AD7}"
EndProject
Project("{2150E333-8FDC-42A3-9474-1A3956D46DE8}") = "Exercise2", "Exercise2", "{057CEA3C-060F-45F8-945F-FA93FEF497BE}"
EndProject
Project("{9A19103F-16F7-4668-BE54-9A1E7A4F7556}") = "ITMO.CSharp.Lab12.Exercise2.TestHarness", "Lab12\Exercise2\ITMO.CSharp.Lab12.Exercise2.TestHarness\ITMO.CSharp.Lab12.Exercise2.TestHarness.csproj", "{CF908E9C-0448-45BA-936C-1846C654624D}"
EndProject
Project("{9A19103F-16F7-4668-BE54-9A1E7A4F7556}") = "ITMO.CSharp.Lab12.Exercise2.Bank", "Lab12\Exercise2\ITMO.CSharp.Lab12.Exercise2.Bank\ITMO.CSharp.Lab12.Exercise2.Bank.csproj", "{D2A3638D-E6F5-4670-9576-1130DA88BB47}"
EndProject
Project("{2150E333-8FDC-42A3-9474-1A3956D46DE8}") = "Lab11", "Lab11", "{4473CC07-3C72-4CFE-AAE4-CFE3236BF9DD}"
EndProject
Project("{2150E333-8FDC-42A3-9474-1A3956D46DE8}") = "Exercise2", "Exercise2", "{0D30766A-A9CB-4026-9C4A-6C2DD9559E04}"
EndProject
Project("{9A19103F-16F7-4668-BE54-9A1E7A4F7556}") = "ITMO.CSharp.Lab11.Exercise2.AuditTestHarness", "Lab11\Exercise2\ITMO.CSharp.Lab11.Exercise2.AuditTestHarness\ITMO.CSharp.Lab11.Exercise2.AuditTestHarness.csproj", "{F91C39CE-1BA9-406F-A314-B70DAA9DA564}"
EndProject
Project("{9A19103F-16F7-4668-BE54-9A1E7A4F7556}") = "ITMO.CSharp.Lab11.Exercise2.Audit", "Lab11\Exercise2\ITMO.CSharp.Lab11.Exercise2.Audit\ITMO.CSharp.Lab11.Exercise2.Audit.csproj", "{CEC4DAE2-20ED-46A3-B1CD-A1DF24FF2794}"
EndProject
Project("{FAE04EC0-301F-11D3-BF4B-00C04F79EFBC}") = "ITMO.CSharp.Lab11.Exercise2.EventTestHarness", "Lab11\Exercise2\ITMO.CSharp.Lab11.Exercise2.EventTestHarness\ITMO.CSharp.Lab11.Exercise2.EventTestHarness.csproj", "{86D29268-CEE0-4EAE-A78B-84AD13B688C4}"
EndProject
Global
	GlobalSection(SolutionConfigurationPlatforms) = preSolution
		Debug|Any CPU = Debug|Any CPU
		Release|Any CPU = Release|Any CPU
	EndGlobalSection
	GlobalSection(ProjectConfigurationPlatforms) = postSolution
		{FFB4FFA8-9FC0-4D56-89A2-8FB40C37560E}.Debug|Any CPU.ActiveCfg = Debug|Any CPU
		{FFB4FFA8-9FC0-4D56-89A2-8FB40C37560E}.Debug|Any CPU.Build.0 = Debug|Any CPU
		{FFB4FFA8-9FC0-4D56-89A2-8FB40C37560E}.Release|Any CPU.ActiveCfg = Release|Any CPU
		{FFB4FFA8-9FC0-4D56-89A2-8FB40C37560E}.Release|Any CPU.Build.0 = Release|Any CPU
		{497F11BC-27DC-4E5E-9EEC-148B55EE3EC9}.Debug|Any CPU.ActiveCfg = Debug|Any CPU
		{497F11BC-27DC-4E5E-9EEC-148B55EE3EC9}.Debug|Any CPU.Build.0 = Debug|Any CPU
		{497F11BC-27DC-4E5E-9EEC-148B55EE3EC9}.Release|Any CPU.ActiveCfg = Release|Any CPU
		{497F11BC-27DC-4E5E-9EEC-148B55EE3EC9}.Release|Any CPU.Build.0 = Release|Any CPU
		{D4B97C3E-C349-4320-8E4A-1669DF5E1A74}.Debug|Any CPU.ActiveCfg = Debug|Any CPU
		{D4B97C3E-C349-4320-8E4A-1669DF5E1A74}.Debug|Any CPU.Build.0 = Debug|Any CPU
		{D4B97C3E-C349-4320-8E4A-1669DF5E1A74}.Release|Any CPU.ActiveCfg = Release|Any CPU
		{D4B97C3E-C349-4320-8E4A-1669DF5E1A74}.Release|Any CPU.Build.0 = Release|Any CPU
		{B63A865B-C1D5-461E-89AC-36225E741C2B}.Debug|Any CPU.ActiveCfg = Debug|Any CPU
		{B63A865B-C1D5-461E-89AC-36225E741C2B}.Debug|Any CPU.Build.0 = Debug|Any CPU
		{B63A865B-C1D5-461E-89AC-36225E741C2B}.Release|Any CPU.ActiveCfg = Release|Any CPU
		{B63A865B-C1D5-461E-89AC-36225E741C2B}.Release|Any CPU.Build.0 = Release|Any CPU
		{9A8BE1E1-57D4-46B5-A495-14714320CA68}.Debug|Any CPU.ActiveCfg = Debug|Any CPU
		{9A8BE1E1-57D4-46B5-A495-14714320CA68}.Debug|Any CPU.Build.0 = Debug|Any CPU
		{9A8BE1E1-57D4-46B5-A495-14714320CA68}.Release|Any CPU.ActiveCfg = Release|Any CPU
		{9A8BE1E1-57D4-46B5-A495-14714320CA68}.Release|Any CPU.Build.0 = Release|Any CPU
		{2BB70A68-AD8A-4928-8396-BA3E5AB050C8}.Debug|Any CPU.ActiveCfg = Debug|Any CPU
		{2BB70A68-AD8A-4928-8396-BA3E5AB050C8}.Debug|Any CPU.Build.0 = Debug|Any CPU
		{2BB70A68-AD8A-4928-8396-BA3E5AB050C8}.Release|Any CPU.ActiveCfg = Release|Any CPU
		{2BB70A68-AD8A-4928-8396-BA3E5AB050C8}.Release|Any CPU.Build.0 = Release|Any CPU
		{5C86CA37-8976-4CAF-9ACF-CEFAF96E3F38}.Debug|Any CPU.ActiveCfg = Debug|Any CPU
		{5C86CA37-8976-4CAF-9ACF-CEFAF96E3F38}.Debug|Any CPU.Build.0 = Debug|Any CPU
		{5C86CA37-8976-4CAF-9ACF-CEFAF96E3F38}.Release|Any CPU.ActiveCfg = Release|Any CPU
		{5C86CA37-8976-4CAF-9ACF-CEFAF96E3F38}.Release|Any CPU.Build.0 = Release|Any CPU
		{D2F611A1-DEBF-4FCE-9A6D-81102640A813}.Debug|Any CPU.ActiveCfg = Debug|Any CPU
		{D2F611A1-DEBF-4FCE-9A6D-81102640A813}.Debug|Any CPU.Build.0 = Debug|Any CPU
		{D2F611A1-DEBF-4FCE-9A6D-81102640A813}.Release|Any CPU.ActiveCfg = Release|Any CPU
		{D2F611A1-DEBF-4FCE-9A6D-81102640A813}.Release|Any CPU.Build.0 = Release|Any CPU
		{EC1D0F27-21A0-4F36-91D3-C645802DF761}.Debug|Any CPU.ActiveCfg = Debug|Any CPU
		{EC1D0F27-21A0-4F36-91D3-C645802DF761}.Debug|Any CPU.Build.0 = Debug|Any CPU
		{EC1D0F27-21A0-4F36-91D3-C645802DF761}.Release|Any CPU.ActiveCfg = Release|Any CPU
		{EC1D0F27-21A0-4F36-91D3-C645802DF761}.Release|Any CPU.Build.0 = Release|Any CPU
		{B1541A54-6197-4D9F-9FF3-0E9127628544}.Debug|Any CPU.ActiveCfg = Debug|Any CPU
		{B1541A54-6197-4D9F-9FF3-0E9127628544}.Debug|Any CPU.Build.0 = Debug|Any CPU
		{B1541A54-6197-4D9F-9FF3-0E9127628544}.Release|Any CPU.ActiveCfg = Release|Any CPU
		{B1541A54-6197-4D9F-9FF3-0E9127628544}.Release|Any CPU.Build.0 = Release|Any CPU
		{DBC1F57D-B90B-4634-8B52-A5B062C5BBC8}.Debug|Any CPU.ActiveCfg = Debug|Any CPU
		{DBC1F57D-B90B-4634-8B52-A5B062C5BBC8}.Debug|Any CPU.Build.0 = Debug|Any CPU
		{DBC1F57D-B90B-4634-8B52-A5B062C5BBC8}.Release|Any CPU.ActiveCfg = Release|Any CPU
		{DBC1F57D-B90B-4634-8B52-A5B062C5BBC8}.Release|Any CPU.Build.0 = Release|Any CPU
		{D7FEF1D9-9BEE-4C08-A0DA-D5EE41D0B9B7}.Debug|Any CPU.ActiveCfg = Debug|Any CPU
		{D7FEF1D9-9BEE-4C08-A0DA-D5EE41D0B9B7}.Debug|Any CPU.Build.0 = Debug|Any CPU
		{D7FEF1D9-9BEE-4C08-A0DA-D5EE41D0B9B7}.Release|Any CPU.ActiveCfg = Release|Any CPU
		{D7FEF1D9-9BEE-4C08-A0DA-D5EE41D0B9B7}.Release|Any CPU.Build.0 = Release|Any CPU
		{84493861-CCCF-4B04-8E5F-3C0AEA550A40}.Debug|Any CPU.ActiveCfg = Debug|Any CPU
		{84493861-CCCF-4B04-8E5F-3C0AEA550A40}.Debug|Any CPU.Build.0 = Debug|Any CPU
		{84493861-CCCF-4B04-8E5F-3C0AEA550A40}.Release|Any CPU.ActiveCfg = Release|Any CPU
		{84493861-CCCF-4B04-8E5F-3C0AEA550A40}.Release|Any CPU.Build.0 = Release|Any CPU
		{BACB4DBB-D015-479C-B15D-363EC65648A3}.Debug|Any CPU.ActiveCfg = Debug|Any CPU
		{BACB4DBB-D015-479C-B15D-363EC65648A3}.Debug|Any CPU.Build.0 = Debug|Any CPU
		{BACB4DBB-D015-479C-B15D-363EC65648A3}.Release|Any CPU.ActiveCfg = Release|Any CPU
		{BACB4DBB-D015-479C-B15D-363EC65648A3}.Release|Any CPU.Build.0 = Release|Any CPU
		{935478EF-5DA7-4C10-8434-BC3E62864DC4}.Debug|Any CPU.ActiveCfg = Debug|Any CPU
		{935478EF-5DA7-4C10-8434-BC3E62864DC4}.Debug|Any CPU.Build.0 = Debug|Any CPU
		{935478EF-5DA7-4C10-8434-BC3E62864DC4}.Release|Any CPU.ActiveCfg = Release|Any CPU
		{935478EF-5DA7-4C10-8434-BC3E62864DC4}.Release|Any CPU.Build.0 = Release|Any CPU
		{40A3A23B-D2D3-42DA-A351-BFDF397F5EF1}.Debug|Any CPU.ActiveCfg = Debug|Any CPU
		{40A3A23B-D2D3-42DA-A351-BFDF397F5EF1}.Debug|Any CPU.Build.0 = Debug|Any CPU
		{40A3A23B-D2D3-42DA-A351-BFDF397F5EF1}.Release|Any CPU.ActiveCfg = Release|Any CPU
		{40A3A23B-D2D3-42DA-A351-BFDF397F5EF1}.Release|Any CPU.Build.0 = Release|Any CPU
		{0060B8B3-1101-4EC5-BD67-99C2685573C3}.Debug|Any CPU.ActiveCfg = Debug|Any CPU
		{0060B8B3-1101-4EC5-BD67-99C2685573C3}.Debug|Any CPU.Build.0 = Debug|Any CPU
		{0060B8B3-1101-4EC5-BD67-99C2685573C3}.Release|Any CPU.ActiveCfg = Release|Any CPU
		{0060B8B3-1101-4EC5-BD67-99C2685573C3}.Release|Any CPU.Build.0 = Release|Any CPU
		{79605BBC-DF4C-4720-8639-7E726A315EBF}.Debug|Any CPU.ActiveCfg = Debug|Any CPU
		{79605BBC-DF4C-4720-8639-7E726A315EBF}.Debug|Any CPU.Build.0 = Debug|Any CPU
		{79605BBC-DF4C-4720-8639-7E726A315EBF}.Release|Any CPU.ActiveCfg = Release|Any CPU
		{79605BBC-DF4C-4720-8639-7E726A315EBF}.Release|Any CPU.Build.0 = Release|Any CPU
		{E40E07D6-51F4-4672-B1FB-FE2F0C92C8A1}.Debug|Any CPU.ActiveCfg = Debug|Any CPU
		{E40E07D6-51F4-4672-B1FB-FE2F0C92C8A1}.Debug|Any CPU.Build.0 = Debug|Any CPU
		{E40E07D6-51F4-4672-B1FB-FE2F0C92C8A1}.Release|Any CPU.ActiveCfg = Release|Any CPU
		{E40E07D6-51F4-4672-B1FB-FE2F0C92C8A1}.Release|Any CPU.Build.0 = Release|Any CPU
		{253671E5-6019-4EDC-B18C-40BAB8151CBC}.Debug|Any CPU.ActiveCfg = Debug|Any CPU
		{253671E5-6019-4EDC-B18C-40BAB8151CBC}.Debug|Any CPU.Build.0 = Debug|Any CPU
		{253671E5-6019-4EDC-B18C-40BAB8151CBC}.Release|Any CPU.ActiveCfg = Release|Any CPU
		{253671E5-6019-4EDC-B18C-40BAB8151CBC}.Release|Any CPU.Build.0 = Release|Any CPU
		{42364C3D-F443-408D-86D4-CB819D01D5EA}.Debug|Any CPU.ActiveCfg = Debug|Any CPU
		{42364C3D-F443-408D-86D4-CB819D01D5EA}.Debug|Any CPU.Build.0 = Debug|Any CPU
		{42364C3D-F443-408D-86D4-CB819D01D5EA}.Release|Any CPU.ActiveCfg = Release|Any CPU
		{42364C3D-F443-408D-86D4-CB819D01D5EA}.Release|Any CPU.Build.0 = Release|Any CPU
		{FB03EDBB-794E-4EA1-AA4B-F57A08BB8A15}.Debug|Any CPU.ActiveCfg = Debug|Any CPU
		{FB03EDBB-794E-4EA1-AA4B-F57A08BB8A15}.Debug|Any CPU.Build.0 = Debug|Any CPU
		{FB03EDBB-794E-4EA1-AA4B-F57A08BB8A15}.Release|Any CPU.ActiveCfg = Release|Any CPU
		{FB03EDBB-794E-4EA1-AA4B-F57A08BB8A15}.Release|Any CPU.Build.0 = Release|Any CPU
		{06B64F8E-F9FF-446A-A16B-052264D629A7}.Debug|Any CPU.ActiveCfg = Debug|Any CPU
		{06B64F8E-F9FF-446A-A16B-052264D629A7}.Debug|Any CPU.Build.0 = Debug|Any CPU
		{06B64F8E-F9FF-446A-A16B-052264D629A7}.Release|Any CPU.ActiveCfg = Release|Any CPU
		{06B64F8E-F9FF-446A-A16B-052264D629A7}.Release|Any CPU.Build.0 = Release|Any CPU
		{636A0ED7-F4B8-4247-B5DE-65F9C096AA6C}.Debug|Any CPU.ActiveCfg = Debug|Any CPU
		{636A0ED7-F4B8-4247-B5DE-65F9C096AA6C}.Debug|Any CPU.Build.0 = Debug|Any CPU
		{636A0ED7-F4B8-4247-B5DE-65F9C096AA6C}.Release|Any CPU.ActiveCfg = Release|Any CPU
		{636A0ED7-F4B8-4247-B5DE-65F9C096AA6C}.Release|Any CPU.Build.0 = Release|Any CPU
		{DE21B62F-4EA3-4B20-BF3B-993BCE917294}.Debug|Any CPU.ActiveCfg = Debug|Any CPU
		{DE21B62F-4EA3-4B20-BF3B-993BCE917294}.Debug|Any CPU.Build.0 = Debug|Any CPU
		{DE21B62F-4EA3-4B20-BF3B-993BCE917294}.Release|Any CPU.ActiveCfg = Release|Any CPU
		{DE21B62F-4EA3-4B20-BF3B-993BCE917294}.Release|Any CPU.Build.0 = Release|Any CPU
		{ED875603-3AF3-48A3-B6F6-2E9B59AA8AD7}.Debug|Any CPU.ActiveCfg = Debug|Any CPU
		{ED875603-3AF3-48A3-B6F6-2E9B59AA8AD7}.Debug|Any CPU.Build.0 = Debug|Any CPU
		{ED875603-3AF3-48A3-B6F6-2E9B59AA8AD7}.Release|Any CPU.ActiveCfg = Release|Any CPU
		{ED875603-3AF3-48A3-B6F6-2E9B59AA8AD7}.Release|Any CPU.Build.0 = Release|Any CPU
		{CF908E9C-0448-45BA-936C-1846C654624D}.Debug|Any CPU.ActiveCfg = Debug|Any CPU
		{CF908E9C-0448-45BA-936C-1846C654624D}.Debug|Any CPU.Build.0 = Debug|Any CPU
		{CF908E9C-0448-45BA-936C-1846C654624D}.Release|Any CPU.ActiveCfg = Release|Any CPU
		{CF908E9C-0448-45BA-936C-1846C654624D}.Release|Any CPU.Build.0 = Release|Any CPU
		{D2A3638D-E6F5-4670-9576-1130DA88BB47}.Debug|Any CPU.ActiveCfg = Debug|Any CPU
		{D2A3638D-E6F5-4670-9576-1130DA88BB47}.Debug|Any CPU.Build.0 = Debug|Any CPU
		{D2A3638D-E6F5-4670-9576-1130DA88BB47}.Release|Any CPU.ActiveCfg = Release|Any CPU
		{D2A3638D-E6F5-4670-9576-1130DA88BB47}.Release|Any CPU.Build.0 = Release|Any CPU
		{F91C39CE-1BA9-406F-A314-B70DAA9DA564}.Debug|Any CPU.ActiveCfg = Debug|Any CPU
		{F91C39CE-1BA9-406F-A314-B70DAA9DA564}.Debug|Any CPU.Build.0 = Debug|Any CPU
		{F91C39CE-1BA9-406F-A314-B70DAA9DA564}.Release|Any CPU.ActiveCfg = Release|Any CPU
		{F91C39CE-1BA9-406F-A314-B70DAA9DA564}.Release|Any CPU.Build.0 = Release|Any CPU
		{CEC4DAE2-20ED-46A3-B1CD-A1DF24FF2794}.Debug|Any CPU.ActiveCfg = Debug|Any CPU
		{CEC4DAE2-20ED-46A3-B1CD-A1DF24FF2794}.Debug|Any CPU.Build.0 = Debug|Any CPU
		{CEC4DAE2-20ED-46A3-B1CD-A1DF24FF2794}.Release|Any CPU.ActiveCfg = Release|Any CPU
		{CEC4DAE2-20ED-46A3-B1CD-A1DF24FF2794}.Release|Any CPU.Build.0 = Release|Any CPU
		{86D29268-CEE0-4EAE-A78B-84AD13B688C4}.Debug|Any CPU.ActiveCfg = Debug|Any CPU
		{86D29268-CEE0-4EAE-A78B-84AD13B688C4}.Debug|Any CPU.Build.0 = Debug|Any CPU
		{86D29268-CEE0-4EAE-A78B-84AD13B688C4}.Release|Any CPU.ActiveCfg = Release|Any CPU
		{86D29268-CEE0-4EAE-A78B-84AD13B688C4}.Release|Any CPU.Build.0 = Release|Any CPU
	EndGlobalSection
	GlobalSection(SolutionProperties) = preSolution
		HideSolutionNode = FALSE
	EndGlobalSection
	GlobalSection(NestedProjects) = preSolution
		{FFB4FFA8-9FC0-4D56-89A2-8FB40C37560E} = {BE2AFC24-DD6F-4552-9DCE-25FDE8529EF2}
		{497F11BC-27DC-4E5E-9EEC-148B55EE3EC9} = {BE2AFC24-DD6F-4552-9DCE-25FDE8529EF2}
		{D4B97C3E-C349-4320-8E4A-1669DF5E1A74} = {35407760-29AC-423C-9EFB-DC794522DC59}
		{B63A865B-C1D5-461E-89AC-36225E741C2B} = {35407760-29AC-423C-9EFB-DC794522DC59}
		{9A8BE1E1-57D4-46B5-A495-14714320CA68} = {50064C57-ECFD-46EF-AFD7-ABFA85CCC2EE}
		{2BB70A68-AD8A-4928-8396-BA3E5AB050C8} = {50064C57-ECFD-46EF-AFD7-ABFA85CCC2EE}
		{5C86CA37-8976-4CAF-9ACF-CEFAF96E3F38} = {50064C57-ECFD-46EF-AFD7-ABFA85CCC2EE}
		{D2F611A1-DEBF-4FCE-9A6D-81102640A813} = {A42D837C-3F18-4BE5-ACD2-74F7ABC88BCB}
		{EC1D0F27-21A0-4F36-91D3-C645802DF761} = {A42D837C-3F18-4BE5-ACD2-74F7ABC88BCB}
		{B1541A54-6197-4D9F-9FF3-0E9127628544} = {A42D837C-3F18-4BE5-ACD2-74F7ABC88BCB}
		{DBC1F57D-B90B-4634-8B52-A5B062C5BBC8} = {BB8AA57F-83CD-4B55-AF36-38A5F017FB3F}
		{D7FEF1D9-9BEE-4C08-A0DA-D5EE41D0B9B7} = {BB8AA57F-83CD-4B55-AF36-38A5F017FB3F}
		{84493861-CCCF-4B04-8E5F-3C0AEA550A40} = {BB8AA57F-83CD-4B55-AF36-38A5F017FB3F}
		{BACB4DBB-D015-479C-B15D-363EC65648A3} = {AD59E509-5667-4D64-9A63-0DB3DE931549}
		{935478EF-5DA7-4C10-8434-BC3E62864DC4} = {AD59E509-5667-4D64-9A63-0DB3DE931549}
		{40A3A23B-D2D3-42DA-A351-BFDF397F5EF1} = {37FB6311-4C5C-4406-956B-EFB7FCCFEE3C}
		{0060B8B3-1101-4EC5-BD67-99C2685573C3} = {37FB6311-4C5C-4406-956B-EFB7FCCFEE3C}
		{79605BBC-DF4C-4720-8639-7E726A315EBF} = {37FB6311-4C5C-4406-956B-EFB7FCCFEE3C}
		{E40E07D6-51F4-4672-B1FB-FE2F0C92C8A1} = {21755012-E770-4502-9D56-84FF254E0664}
		{253671E5-6019-4EDC-B18C-40BAB8151CBC} = {21755012-E770-4502-9D56-84FF254E0664}
		{42364C3D-F443-408D-86D4-CB819D01D5EA} = {DFDE844A-67D0-4F56-91C9-6B3AD1CEEDE9}
		{FB03EDBB-794E-4EA1-AA4B-F57A08BB8A15} = {DFDE844A-67D0-4F56-91C9-6B3AD1CEEDE9}
		{06B64F8E-F9FF-446A-A16B-052264D629A7} = {DFDE844A-67D0-4F56-91C9-6B3AD1CEEDE9}
		{636A0ED7-F4B8-4247-B5DE-65F9C096AA6C} = {8A6583EF-8E72-4947-A547-7F1D6CBB9828}
		{83D9EB88-6789-486B-B095-CE3EBB4F19C2} = {CBC2BCC0-23C0-4B85-8766-BB415EFFA953}
		{DE21B62F-4EA3-4B20-BF3B-993BCE917294} = {83D9EB88-6789-486B-B095-CE3EBB4F19C2}
		{ED875603-3AF3-48A3-B6F6-2E9B59AA8AD7} = {83D9EB88-6789-486B-B095-CE3EBB4F19C2}
		{057CEA3C-060F-45F8-945F-FA93FEF497BE} = {CBC2BCC0-23C0-4B85-8766-BB415EFFA953}
		{CF908E9C-0448-45BA-936C-1846C654624D} = {057CEA3C-060F-45F8-945F-FA93FEF497BE}
		{D2A3638D-E6F5-4670-9576-1130DA88BB47} = {057CEA3C-060F-45F8-945F-FA93FEF497BE}
		{0D30766A-A9CB-4026-9C4A-6C2DD9559E04} = {4473CC07-3C72-4CFE-AAE4-CFE3236BF9DD}
		{F91C39CE-1BA9-406F-A314-B70DAA9DA564} = {0D30766A-A9CB-4026-9C4A-6C2DD9559E04}
		{CEC4DAE2-20ED-46A3-B1CD-A1DF24FF2794} = {0D30766A-A9CB-4026-9C4A-6C2DD9559E04}
		{86D29268-CEE0-4EAE-A78B-84AD13B688C4} = {0D30766A-A9CB-4026-9C4A-6C2DD9559E04}
	EndGlobalSection
	GlobalSection(ExtensibilityGlobals) = postSolution
		SolutionGuid = {80504C1C-5CD8-427C-BF41-3E873B54CAFE}
	EndGlobalSection
EndGlobal
